
Microsoft Visual Studio Solution File, Format Version 12.00
# Visual Studio Version 16
VisualStudioVersion = 16.0.30204.135
MinimumVisualStudioVersion = 10.0.40219.1
Project("{8BC9CEB8-8B4A-11D0-8D11-00A0C91BC942}") = "project1", "project1\project1.vcxproj", "{8736A2DC-555E-4146-80BD-2CAA8E514B3C}"
EndProject
Project("{8BC9CEB8-8B4A-11D0-8D11-00A0C91BC942}") = "Project2", "Project2\Project2.vcxproj", "{9376A0BD-635B-41FB-8458-CF4A0BEAF9C8}"
EndProject
Project("{8BC9CEB8-8B4A-11D0-8D11-00A0C91BC942}") = "Project3", "Project3\Project3.vcxproj", "{41A19307-3B3E-474D-8830-2237864D7119}"
EndProject
Global
	GlobalSection(SolutionConfigurationPlatforms) = preSolution
		Debug|x64 = Debug|x64
		Debug|x86 = Debug|x86
		Release|x64 = Release|x64
		Release|x86 = Release|x86
	EndGlobalSection
	GlobalSection(ProjectConfigurationPlatforms) = postSolution
		{8736A2DC-555E-4146-80BD-2CAA8E514B3C}.Debug|x64.ActiveCfg = Debug|x64
		{8736A2DC-555E-4146-80BD-2CAA8E514B3C}.Debug|x64.Build.0 = Debug|x64
		{8736A2DC-555E-4146-80BD-2CAA8E514B3C}.Debug|x86.ActiveCfg = Debug|Win32
		{8736A2DC-555E-4146-80BD-2CAA8E514B3C}.Debug|x86.Build.0 = Debug|Win32
		{8736A2DC-555E-4146-80BD-2CAA8E514B3C}.Release|x64.ActiveCfg = Release|x64
		{8736A2DC-555E-4146-80BD-2CAA8E514B3C}.Release|x64.Build.0 = Release|x64
		{8736A2DC-555E-4146-80BD-2CAA8E514B3C}.Release|x86.ActiveCfg = Release|Win32
		{8736A2DC-555E-4146-80BD-2CAA8E514B3C}.Release|x86.Build.0 = Release|Win32
		{9376A0BD-635B-41FB-8458-CF4A0BEAF9C8}.Debug|x64.ActiveCfg = Debug|x64
		{9376A0BD-635B-41FB-8458-CF4A0BEAF9C8}.Debug|x64.Build.0 = Debug|x64
		{9376A0BD-635B-41FB-8458-CF4A0BEAF9C8}.Debug|x86.ActiveCfg = Debug|Win32
		{9376A0BD-635B-41FB-8458-CF4A0BEAF9C8}.Debug|x86.Build.0 = Debug|Win32
		{9376A0BD-635B-41FB-8458-CF4A0BEAF9C8}.Release|x64.ActiveCfg = Release|x64
		{9376A0BD-635B-41FB-8458-CF4A0BEAF9C8}.Release|x64.Build.0 = Release|x64
		{9376A0BD-635B-41FB-8458-CF4A0BEAF9C8}.Release|x86.ActiveCfg = Release|Win32
		{9376A0BD-635B-41FB-8458-CF4A0BEAF9C8}.Release|x86.Build.0 = Release|Win32
		{41A19307-3B3E-474D-8830-2237864D7119}.Debug|x64.ActiveCfg = Debug|x64
		{41A19307-3B3E-474D-8830-2237864D7119}.Debug|x64.Build.0 = Debug|x64
		{41A19307-3B3E-474D-8830-2237864D7119}.Debug|x86.ActiveCfg = Debug|Win32
		{41A19307-3B3E-474D-8830-2237864D7119}.Debug|x86.Build.0 = Debug|Win32
		{41A19307-3B3E-474D-8830-2237864D7119}.Release|x64.ActiveCfg = Release|x64
		{41A19307-3B3E-474D-8830-2237864D7119}.Release|x64.Build.0 = Release|x64
		{41A19307-3B3E-474D-8830-2237864D7119}.Release|x86.ActiveCfg = Release|Win32
		{41A19307-3B3E-474D-8830-2237864D7119}.Release|x86.Build.0 = Release|Win32
	EndGlobalSection
	GlobalSection(SolutionProperties) = preSolution
		HideSolutionNode = FALSE
	EndGlobalSection
	GlobalSection(ExtensibilityGlobals) = postSolution
		SolutionGuid = {30551774-E613-4D7B-B9DE-6249A4528758}
	EndGlobalSection
EndGlobal
